
Microsoft Visual Studio Solution File, Format Version 12.00
# Visual Studio Version 17
VisualStudioVersion = 17.6.33723.286
MinimumVisualStudioVersion = 10.0.40219.1
Project("{FAE04EC0-301F-11D3-BF4B-00C04F79EFBC}") = "UnityPackageUtil", "UnityPackageUtil.csproj", "{0F39B202-134F-43BB-ACF5-A1617821543E}"
EndProject
Global
	GlobalSection(SolutionConfigurationPlatforms) = preSolution
		Debug|Any CPU = Debug|Any CPU
		Release|Any CPU = Release|Any CPU
	EndGlobalSection
	GlobalSection(ProjectConfigurationPlatforms) = postSolution
		{0F39B202-134F-43BB-ACF5-A1617821543E}.Debug|Any CPU.ActiveCfg = Debug|Any CPU
		{0F39B202-134F-43BB-ACF5-A1617821543E}.Debug|Any CPU.Build.0 = Debug|Any CPU
		{0F39B202-134F-43BB-ACF5-A1617821543E}.Release|Any CPU.ActiveCfg = Release|Any CPU
		{0F39B202-134F-43BB-ACF5-A1617821543E}.Release|Any CPU.Build.0 = Release|Any CPU
	EndGlobalSection
	GlobalSection(SolutionProperties) = preSolution
		HideSolutionNode = FALSE
	EndGlobalSection
	GlobalSection(ExtensibilityGlobals) = postSolution
		SolutionGuid = {3A6E31AC-20BE-4E2D-807F-199A84E661D7}
	EndGlobalSection
EndGlobal
